{
  "name": "download-this-site",
  "lockfileVersion": 3,
  "requires": true,
  "packages": {
    "": {
      "name": "download-this-site",
      "dependencies": {
        "@weborigami/async-tree": "0.2.2"
      }
    },
    "node_modules/@weborigami/async-tree": {
      "version": "0.2.2",
      "resolved": "https://registry.npmjs.org/@weborigami/async-tree/-/async-tree-0.2.2.tgz",
      "integrity": "sha512-uOVohq9lKWhO+E6u0Z2HPxvpIJaY9eIk15EYL9alHM6gRETpTSZfVlOGjYYD4cQfYdHNhI1Xp+udhmsMH3slCg==",
      "dependencies": {
        "@weborigami/types": "0.2.2"
      }
    },
    "node_modules/@weborigami/types": {
      "version": "0.2.2",
      "resolved": "https://registry.npmjs.org/@weborigami/types/-/types-0.2.2.tgz",
      "integrity": "sha512-nrrmhuNJM7EMnzN95ROH97r18KJ56YZGA5bsvPVAXoAyB0Mm0oFzyvy+eJH3LcZgRVb53i74nXZdgDqNoIeMyw=="
    }
  }
}
